
Microsoft Visual Studio Solution File, Format Version 12.00
# Visual Studio Version 17
VisualStudioVersion = 17.10.35013.160
MinimumVisualStudioVersion = 10.0.40219.1
Project("{FAE04EC0-301F-11D3-BF4B-00C04F79EFBC}") = "Repository-management-backend", "Repository-management-backend\Repository-management-backend.csproj", "{49C1AB89-F7EE-475A-AD9D-6EC4C916ED83}"
EndProject
Global
	GlobalSection(SolutionConfigurationPlatforms) = preSolution
		Debug|Any CPU = Debug|Any CPU
		Release|Any CPU = Release|Any CPU
	EndGlobalSection
	GlobalSection(ProjectConfigurationPlatforms) = postSolution
		{49C1AB89-F7EE-475A-AD9D-6EC4C916ED83}.Debug|Any CPU.ActiveCfg = Debug|Any CPU
		{49C1AB89-F7EE-475A-AD9D-6EC4C916ED83}.Debug|Any CPU.Build.0 = Debug|Any CPU
		{49C1AB89-F7EE-475A-AD9D-6EC4C916ED83}.Release|Any CPU.ActiveCfg = Release|Any CPU
		{49C1AB89-F7EE-475A-AD9D-6EC4C916ED83}.Release|Any CPU.Build.0 = Release|Any CPU
	EndGlobalSection
	GlobalSection(SolutionProperties) = preSolution
		HideSolutionNode = FALSE
	EndGlobalSection
	GlobalSection(ExtensibilityGlobals) = postSolution
		SolutionGuid = {9B80CDAE-BE52-4173-BE7C-B9F2E9FD4DF0}
	EndGlobalSection
EndGlobal
